// !$*UTF8*$!
{
	archiveVersion = 1;
	classes = {
	};
	objectVersion = 46;
	objects = {

/* Begin PBXBuildFile section */
		2104A1741E4C8AFC00ABA7D8 /* KVStoreManager.swift in Sources */ = {isa = PBXBuildFile; fileRef = 2104A1731E4C8AFC00ABA7D8 /* KVStoreManager.swift */; };
		210F9FE01E5019AA00B62F27 /* libsqlite3.tbd in Frameworks */ = {isa = PBXBuildFile; fileRef = 211666E71E4B052200C9355E /* libsqlite3.tbd */; };
		210F9FE91E502B0300B62F27 /* DatabaseFiles in Resources */ = {isa = PBXBuildFile; fileRef = 210F9FE81E502B0300B62F27 /* DatabaseFiles */; };
		210F9FEB1E502BE700B62F27 /* KVStore.h in Sources */ = {isa = PBXBuildFile; fileRef = 211666CA1E4AE0AF00C9355E /* KVStore.h */; };
		211666D11E4AE0AF00C9355E /* KVStore.framework in Frameworks */ = {isa = PBXBuildFile; fileRef = 211666C71E4AE0AF00C9355E /* KVStore.framework */; };
		211666D61E4AE0AF00C9355E /* KVStoreTests.swift in Sources */ = {isa = PBXBuildFile; fileRef = 211666D51E4AE0AF00C9355E /* KVStoreTests.swift */; };
		211666D81E4AE0AF00C9355E /* KVStore.h in Headers */ = {isa = PBXBuildFile; fileRef = 211666CA1E4AE0AF00C9355E /* KVStore.h */; settings = {ATTRIBUTES = (Public, ); }; };
		211666E21E4AE24300C9355E /* RowModel.swift in Sources */ = {isa = PBXBuildFile; fileRef = 211666E11E4AE24300C9355E /* RowModel.swift */; };
		211666E51E4B02C300C9355E /* SQLiteDatabase.swift in Sources */ = {isa = PBXBuildFile; fileRef = 211666E41E4B02C300C9355E /* SQLiteDatabase.swift */; };
		211666E81E4B052200C9355E /* libsqlite3.tbd in Frameworks */ = {isa = PBXBuildFile; fileRef = 211666E71E4B052200C9355E /* libsqlite3.tbd */; };
		211A22811E4FA16800A2D5F9 /* sqlite3.h in Headers */ = {isa = PBXBuildFile; fileRef = 2104A16F1E4C6BF600ABA7D8 /* sqlite3.h */; settings = {ATTRIBUTES = (Public, ); }; };
		211A22831E4FA1C600A2D5F9 /* sqlite3.h in Sources */ = {isa = PBXBuildFile; fileRef = 2104A16F1E4C6BF600ABA7D8 /* sqlite3.h */; };
/* End PBXBuildFile section */

/* Begin PBXContainerItemProxy section */
		211666D21E4AE0AF00C9355E /* PBXContainerItemProxy */ = {
			isa = PBXContainerItemProxy;
			containerPortal = 211666BE1E4AE0AF00C9355E /* Project object */;
			proxyType = 1;
			remoteGlobalIDString = 211666C61E4AE0AF00C9355E;
			remoteInfo = KVStore;
		};
/* End PBXContainerItemProxy section */

/* Begin PBXFileReference section */
		2104A16F1E4C6BF600ABA7D8 /* sqlite3.h */ = {isa = PBXFileReference; fileEncoding = 4; lastKnownFileType = sourcecode.c.h; path = sqlite3.h; sourceTree = "<group>"; };
		2104A1731E4C8AFC00ABA7D8 /* KVStoreManager.swift */ = {isa = PBXFileReference; fileEncoding = 4; lastKnownFileType = sourcecode.swift; path = KVStoreManager.swift; sourceTree = "<group>"; };
		210F9FE81E502B0300B62F27 /* DatabaseFiles */ = {isa = PBXFileReference; lastKnownFileType = folder; path = DatabaseFiles; sourceTree = "<group>"; };
		211666C71E4AE0AF00C9355E /* KVStore.framework */ = {isa = PBXFileReference; explicitFileType = wrapper.framework; includeInIndex = 0; path = KVStore.framework; sourceTree = BUILT_PRODUCTS_DIR; };
		211666CA1E4AE0AF00C9355E /* KVStore.h */ = {isa = PBXFileReference; lastKnownFileType = sourcecode.c.h; path = KVStore.h; sourceTree = "<group>"; };
		211666CB1E4AE0AF00C9355E /* Info.plist */ = {isa = PBXFileReference; lastKnownFileType = text.plist.xml; path = Info.plist; sourceTree = "<group>"; };
		211666D01E4AE0AF00C9355E /* KVStoreTests.xctest */ = {isa = PBXFileReference; explicitFileType = wrapper.cfbundle; includeInIndex = 0; path = KVStoreTests.xctest; sourceTree = BUILT_PRODUCTS_DIR; };
		211666D51E4AE0AF00C9355E /* KVStoreTests.swift */ = {isa = PBXFileReference; lastKnownFileType = sourcecode.swift; path = KVStoreTests.swift; sourceTree = "<group>"; };
		211666D71E4AE0AF00C9355E /* Info.plist */ = {isa = PBXFileReference; lastKnownFileType = text.plist.xml; path = Info.plist; sourceTree = "<group>"; };
		211666E11E4AE24300C9355E /* RowModel.swift */ = {isa = PBXFileReference; fileEncoding = 4; lastKnownFileType = sourcecode.swift; name = RowModel.swift; path = Model/RowModel.swift; sourceTree = "<group>"; };
		211666E41E4B02C300C9355E /* SQLiteDatabase.swift */ = {isa = PBXFileReference; fileEncoding = 4; lastKnownFileType = sourcecode.swift; path = SQLiteDatabase.swift; sourceTree = "<group>"; };
		211666E71E4B052200C9355E /* libsqlite3.tbd */ = {isa = PBXFileReference; lastKnownFileType = "sourcecode.text-based-dylib-definition"; name = libsqlite3.tbd; path = usr/lib/libsqlite3.tbd; sourceTree = SDKROOT; };
/* End PBXFileReference section */

/* Begin PBXFrameworksBuildPhase section */
		211666C31E4AE0AF00C9355E /* Frameworks */ = {
			isa = PBXFrameworksBuildPhase;
			buildActionMask = 2147483647;
			files = (
				211666E81E4B052200C9355E /* libsqlite3.tbd in Frameworks */,
			);
			runOnlyForDeploymentPostprocessing = 0;
		};
		211666CD1E4AE0AF00C9355E /* Frameworks */ = {
			isa = PBXFrameworksBuildPhase;
			buildActionMask = 2147483647;
			files = (
				210F9FE01E5019AA00B62F27 /* libsqlite3.tbd in Frameworks */,
				211666D11E4AE0AF00C9355E /* KVStore.framework in Frameworks */,
			);
			runOnlyForDeploymentPostprocessing = 0;
		};
/* End PBXFrameworksBuildPhase section */

/* Begin PBXGroup section */
		211666BD1E4AE0AF00C9355E = {
			isa = PBXGroup;
			children = (
				211666C91E4AE0AF00C9355E /* KVStore */,
				211666D41E4AE0AF00C9355E /* KVStoreTests */,
				211666C81E4AE0AF00C9355E /* Products */,
				211666E61E4B052200C9355E /* Frameworks */,
			);
			sourceTree = "<group>";
		};
		211666C81E4AE0AF00C9355E /* Products */ = {
			isa = PBXGroup;
			children = (
				211666C71E4AE0AF00C9355E /* KVStore.framework */,
				211666D01E4AE0AF00C9355E /* KVStoreTests.xctest */,
			);
			name = Products;
			sourceTree = "<group>";
		};
		211666C91E4AE0AF00C9355E /* KVStore */ = {
			isa = PBXGroup;
			children = (
				2104A16F1E4C6BF600ABA7D8 /* sqlite3.h */,
				211666CA1E4AE0AF00C9355E /* KVStore.h */,
				211666CB1E4AE0AF00C9355E /* Info.plist */,
				211666E31E4B00FA00C9355E /* Models */,
				211666E41E4B02C300C9355E /* SQLiteDatabase.swift */,
				2104A1731E4C8AFC00ABA7D8 /* KVStoreManager.swift */,
			);
			path = KVStore;
			sourceTree = "<group>";
		};
		211666D41E4AE0AF00C9355E /* KVStoreTests */ = {
			isa = PBXGroup;
			children = (
				211666D51E4AE0AF00C9355E /* KVStoreTests.swift */,
				211666D71E4AE0AF00C9355E /* Info.plist */,
				210F9FE81E502B0300B62F27 /* DatabaseFiles */,
			);
			path = KVStoreTests;
			sourceTree = "<group>";
		};
		211666E31E4B00FA00C9355E /* Models */ = {
			isa = PBXGroup;
			children = (
				211666E11E4AE24300C9355E /* RowModel.swift */,
			);
			name = Models;
			sourceTree = "<group>";
		};
		211666E61E4B052200C9355E /* Frameworks */ = {
			isa = PBXGroup;
			children = (
				211666E71E4B052200C9355E /* libsqlite3.tbd */,
			);
			name = Frameworks;
			sourceTree = "<group>";
		};
/* End PBXGroup section */

/* Begin PBXHeadersBuildPhase section */
		211666C41E4AE0AF00C9355E /* Headers */ = {
			isa = PBXHeadersBuildPhase;
			buildActionMask = 2147483647;
			files = (
				211A22811E4FA16800A2D5F9 /* sqlite3.h in Headers */,
				211666D81E4AE0AF00C9355E /* KVStore.h in Headers */,
			);
			runOnlyForDeploymentPostprocessing = 0;
		};
/* End PBXHeadersBuildPhase section */

/* Begin PBXNativeTarget section */
		211666C61E4AE0AF00C9355E /* KVStore */ = {
			isa = PBXNativeTarget;
			buildConfigurationList = 211666DB1E4AE0AF00C9355E /* Build configuration list for PBXNativeTarget "KVStore" */;
			buildPhases = (
				211666C21E4AE0AF00C9355E /* Sources */,
				211666C31E4AE0AF00C9355E /* Frameworks */,
				211666C41E4AE0AF00C9355E /* Headers */,
				211666C51E4AE0AF00C9355E /* Resources */,
			);
			buildRules = (
			);
			dependencies = (
			);
			name = KVStore;
			productName = KVStore;
			productReference = 211666C71E4AE0AF00C9355E /* KVStore.framework */;
			productType = "com.apple.product-type.framework";
		};
		211666CF1E4AE0AF00C9355E /* KVStoreTests */ = {
			isa = PBXNativeTarget;
			buildConfigurationList = 211666DE1E4AE0AF00C9355E /* Build configuration list for PBXNativeTarget "KVStoreTests" */;
			buildPhases = (
				211666CC1E4AE0AF00C9355E /* Sources */,
				211666CD1E4AE0AF00C9355E /* Frameworks */,
				211666CE1E4AE0AF00C9355E /* Resources */,
			);
			buildRules = (
			);
			dependencies = (
				211666D31E4AE0AF00C9355E /* PBXTargetDependency */,
			);
			name = KVStoreTests;
			productName = KVStoreTests;
			productReference = 211666D01E4AE0AF00C9355E /* KVStoreTests.xctest */;
			productType = "com.apple.product-type.bundle.unit-test";
		};
/* End PBXNativeTarget section */

/* Begin PBXProject section */
		211666BE1E4AE0AF00C9355E /* Project object */ = {
			isa = PBXProject;
			attributes = {
				LastSwiftUpdateCheck = 0820;
				LastUpgradeCheck = 0820;
				ORGANIZATIONNAME = "Pritesh Nandgaonkar";
				TargetAttributes = {
					211666C61E4AE0AF00C9355E = {
						CreatedOnToolsVersion = 8.2.1;
						DevelopmentTeam = TB2282VDLT;
						LastSwiftMigration = 0820;
						ProvisioningStyle = Automatic;
					};
					211666CF1E4AE0AF00C9355E = {
						CreatedOnToolsVersion = 8.2.1;
						DevelopmentTeam = TB2282VDLT;
						ProvisioningStyle = Automatic;
					};
				};
			};
			buildConfigurationList = 211666C11E4AE0AF00C9355E /* Build configuration list for PBXProject "KVStore" */;
			compatibilityVersion = "Xcode 3.2";
			developmentRegion = English;
			hasScannedForEncodings = 0;
			knownRegions = (
				en,
			);
			mainGroup = 211666BD1E4AE0AF00C9355E;
			productRefGroup = 211666C81E4AE0AF00C9355E /* Products */;
			projectDirPath = "";
			projectRoot = "";
			targets = (
				211666C61E4AE0AF00C9355E /* KVStore */,
				211666CF1E4AE0AF00C9355E /* KVStoreTests */,
			);
		};
/* End PBXProject section */

/* Begin PBXResourcesBuildPhase section */
		211666C51E4AE0AF00C9355E /* Resources */ = {
			isa = PBXResourcesBuildPhase;
			buildActionMask = 2147483647;
			files = (
			);
			runOnlyForDeploymentPostprocessing = 0;
		};
		211666CE1E4AE0AF00C9355E /* Resources */ = {
			isa = PBXResourcesBuildPhase;
			buildActionMask = 2147483647;
			files = (
				210F9FE91E502B0300B62F27 /* DatabaseFiles in Resources */,
			);
			runOnlyForDeploymentPostprocessing = 0;
		};
/* End PBXResourcesBuildPhase section */

/* Begin PBXSourcesBuildPhase section */
		211666C21E4AE0AF00C9355E /* Sources */ = {
			isa = PBXSourcesBuildPhase;
			buildActionMask = 2147483647;
			files = (
				2104A1741E4C8AFC00ABA7D8 /* KVStoreManager.swift in Sources */,
				211666E51E4B02C300C9355E /* SQLiteDatabase.swift in Sources */,
				211666E21E4AE24300C9355E /* RowModel.swift in Sources */,
			);
			runOnlyForDeploymentPostprocessing = 0;
		};
		211666CC1E4AE0AF00C9355E /* Sources */ = {
			isa = PBXSourcesBuildPhase;
			buildActionMask = 2147483647;
			files = (
				210F9FEB1E502BE700B62F27 /* KVStore.h in Sources */,
				211A22831E4FA1C600A2D5F9 /* sqlite3.h in Sources */,
				211666D61E4AE0AF00C9355E /* KVStoreTests.swift in Sources */,
			);
			runOnlyForDeploymentPostprocessing = 0;
		};
/* End PBXSourcesBuildPhase section */

/* Begin PBXTargetDependency section */
		211666D31E4AE0AF00C9355E /* PBXTargetDependency */ = {
			isa = PBXTargetDependency;
			target = 211666C61E4AE0AF00C9355E /* KVStore */;
			targetProxy = 211666D21E4AE0AF00C9355E /* PBXContainerItemProxy */;
		};
/* End PBXTargetDependency section */

/* Begin XCBuildConfiguration section */
		211666D91E4AE0AF00C9355E /* Debug */ = {
			isa = XCBuildConfiguration;
			buildSettings = {
				ALWAYS_SEARCH_USER_PATHS = NO;
				CLANG_ANALYZER_NONNULL = YES;
				CLANG_CXX_LANGUAGE_STANDARD = "gnu++0x";
				CLANG_CXX_LIBRARY = "libc++";
				CLANG_ENABLE_MODULES = YES;
				CLANG_ENABLE_OBJC_ARC = YES;
				CLANG_WARN_BOOL_CONVERSION = YES;
				CLANG_WARN_CONSTANT_CONVERSION = YES;
				CLANG_WARN_DIRECT_OBJC_ISA_USAGE = YES_ERROR;
				CLANG_WARN_DOCUMENTATION_COMMENTS = YES;
				CLANG_WARN_EMPTY_BODY = YES;
				CLANG_WARN_ENUM_CONVERSION = YES;
				CLANG_WARN_INFINITE_RECURSION = YES;
				CLANG_WARN_INT_CONVERSION = YES;
				CLANG_WARN_OBJC_ROOT_CLASS = YES_ERROR;
				CLANG_WARN_SUSPICIOUS_MOVE = YES;
				CLANG_WARN_UNREACHABLE_CODE = YES;
				CLANG_WARN__DUPLICATE_METHOD_MATCH = YES;
				"CODE_SIGN_IDENTITY[sdk=iphoneos*]" = "iPhone Developer";
				COPY_PHASE_STRIP = NO;
				CURRENT_PROJECT_VERSION = 1;
				DEBUG_INFORMATION_FORMAT = dwarf;
				ENABLE_STRICT_OBJC_MSGSEND = YES;
				ENABLE_TESTABILITY = YES;
				GCC_C_LANGUAGE_STANDARD = gnu99;
				GCC_DYNAMIC_NO_PIC = NO;
				GCC_NO_COMMON_BLOCKS = YES;
				GCC_OPTIMIZATION_LEVEL = 0;
				GCC_PREPROCESSOR_DEFINITIONS = (
					"DEBUG=1",
					"$(inherited)",
				);
				GCC_WARN_64_TO_32_BIT_CONVERSION = YES;
				GCC_WARN_ABOUT_RETURN_TYPE = YES_ERROR;
				GCC_WARN_UNDECLARED_SELECTOR = YES;
				GCC_WARN_UNINITIALIZED_AUTOS = YES_AGGRESSIVE;
				GCC_WARN_UNUSED_FUNCTION = YES;
				GCC_WARN_UNUSED_VARIABLE = YES;
				IPHONEOS_DEPLOYMENT_TARGET = 10.2;
				MTL_ENABLE_DEBUG_INFO = YES;
				ONLY_ACTIVE_ARCH = YES;
				SDKROOT = iphoneos;
				SWIFT_ACTIVE_COMPILATION_CONDITIONS = DEBUG;
				SWIFT_OPTIMIZATION_LEVEL = "-Onone";
				TARGETED_DEVICE_FAMILY = "1,2";
				VERSIONING_SYSTEM = "apple-generic";
				VERSION_INFO_PREFIX = "";
			};
			name = Debug;
		};
		211666DA1E4AE0AF00C9355E /* Release */ = {
			isa = XCBuildConfiguration;
			buildSettings = {
				ALWAYS_SEARCH_USER_PATHS = NO;
				CLANG_ANALYZER_NONNULL = YES;
				CLANG_CXX_LANGUAGE_STANDARD = "gnu++0x";
				CLANG_CXX_LIBRARY = "libc++";
				CLANG_ENABLE_MODULES = YES;
				CLANG_ENABLE_OBJC_ARC = YES;
				CLANG_WARN_BOOL_CONVERSION = YES;
				CLANG_WARN_CONSTANT_CONVERSION = YES;
				CLANG_WARN_DIRECT_OBJC_ISA_USAGE = YES_ERROR;
				CLANG_WARN_DOCUMENTATION_COMMENTS = YES;
				CLANG_WARN_EMPTY_BODY = YES;
				CLANG_WARN_ENUM_CONVERSION = YES;
				CLANG_WARN_INFINITE_RECURSION = YES;
				CLANG_WARN_INT_CONVERSION = YES;
				CLANG_WARN_OBJC_ROOT_CLASS = YES_ERROR;
				CLANG_WARN_SUSPICIOUS_MOVE = YES;
				CLANG_WARN_UNREACHABLE_CODE = YES;
				CLANG_WARN__DUPLICATE_METHOD_MATCH = YES;
				"CODE_SIGN_IDENTITY[sdk=iphoneos*]" = "iPhone Developer";
				COPY_PHASE_STRIP = NO;
				CURRENT_PROJECT_VERSION = 1;
				DEBUG_INFORMATION_FORMAT = "dwarf-with-dsym";
				ENABLE_NS_ASSERTIONS = NO;
				ENABLE_STRICT_OBJC_MSGSEND = YES;
				GCC_C_LANGUAGE_STANDARD = gnu99;
				GCC_NO_COMMON_BLOCKS = YES;
				GCC_WARN_64_TO_32_BIT_CONVERSION = YES;
				GCC_WARN_ABOUT_RETURN_TYPE = YES_ERROR;
				GCC_WARN_UNDECLARED_SELECTOR = YES;
				GCC_WARN_UNINITIALIZED_AUTOS = YES_AGGRESSIVE;
				GCC_WARN_UNUSED_FUNCTION = YES;
				GCC_WARN_UNUSED_VARIABLE = YES;
				IPHONEOS_DEPLOYMENT_TARGET = 10.2;
				MTL_ENABLE_DEBUG_INFO = NO;
				SDKROOT = iphoneos;
				SWIFT_OPTIMIZATION_LEVEL = "-Owholemodule";
				TARGETED_DEVICE_FAMILY = "1,2";
				VALIDATE_PRODUCT = YES;
				VERSIONING_SYSTEM = "apple-generic";
				VERSION_INFO_PREFIX = "";
			};
			name = Release;
		};
		211666DC1E4AE0AF00C9355E /* Debug */ = {
			isa = XCBuildConfiguration;
			buildSettings = {
				ALWAYS_SEARCH_USER_PATHS = NO;
				CLANG_ENABLE_MODULES = YES;
				CODE_SIGN_IDENTITY = "";
				DEFINES_MODULE = YES;
				DEVELOPMENT_TEAM = TB2282VDLT;
				DYLIB_COMPATIBILITY_VERSION = 1;
				DYLIB_CURRENT_VERSION = 1;
				DYLIB_INSTALL_NAME_BASE = "@rpath";
				INFOPLIST_FILE = KVStore/Info.plist;
				INSTALL_PATH = "$(LOCAL_LIBRARY_DIR)/Frameworks";
				LD_RUNPATH_SEARCH_PATHS = "$(inherited) @executable_path/Frameworks @loader_path/Frameworks";
				PRODUCT_BUNDLE_IDENTIFIER = PN.KVStore;
				PRODUCT_NAME = "$(TARGET_NAME)";
				SKIP_INSTALL = YES;
				SWIFT_OPTIMIZATION_LEVEL = "-Onone";
				SWIFT_VERSION = 3.0;
			};
			name = Debug;
		};
		211666DD1E4AE0AF00C9355E /* Release */ = {
			isa = XCBuildConfiguration;
			buildSettings = {
				ALWAYS_SEARCH_USER_PATHS = NO;
				CLANG_ENABLE_MODULES = YES;
				CODE_SIGN_IDENTITY = "";
				DEFINES_MODULE = YES;
				DEVELOPMENT_TEAM = TB2282VDLT;
				DYLIB_COMPATIBILITY_VERSION = 1;
				DYLIB_CURRENT_VERSION = 1;
				DYLIB_INSTALL_NAME_BASE = "@rpath";
				INFOPLIST_FILE = KVStore/Info.plist;
				INSTALL_PATH = "$(LOCAL_LIBRARY_DIR)/Frameworks";
				LD_RUNPATH_SEARCH_PATHS = "$(inherited) @executable_path/Frameworks @loader_path/Frameworks";
				PRODUCT_BUNDLE_IDENTIFIER = PN.KVStore;
				PRODUCT_NAME = "$(TARGET_NAME)";
				SKIP_INSTALL = YES;
				SWIFT_VERSION = 3.0;
			};
			name = Release;
		};
		211666DF1E4AE0AF00C9355E /* Debug */ = {
			isa = XCBuildConfiguration;
			buildSettings = {
				ALWAYS_EMBED_SWIFT_STANDARD_LIBRARIES = YES;
				DEFINES_MODULE = YES;
				DEVELOPMENT_TEAM = TB2282VDLT;
				"HEADER_SEARCH_PATHS[arch=*]" = /Users/pritesh/Development/Libraries/KVStore/KVStore;
				INFOPLIST_FILE = KVStoreTests/Info.plist;
				LD_RUNPATH_SEARCH_PATHS = "$(inherited) @executable_path/Frameworks @loader_path/Frameworks";
				PRODUCT_BUNDLE_IDENTIFIER = PN.KVStoreTests;
				PRODUCT_NAME = "$(TARGET_NAME)";
				"SWIFT_INCLUDE_PATHS[arch=*]" = /Users/pritesh/Development/Libraries/KVStore/KVStore/;
				SWIFT_VERSION = 3.0;
			};
			name = Debug;
		};
		211666E01E4AE0AF00C9355E /* Release */ = {
			isa = XCBuildConfiguration;
			buildSettings = {
				ALWAYS_EMBED_SWIFT_STANDARD_LIBRARIES = YES;
				DEFINES_MODULE = YES;
				DEVELOPMENT_TEAM = TB2282VDLT;
				INFOPLIST_FILE = KVStoreTests/Info.plist;
				LD_RUNPATH_SEARCH_PATHS = "$(inherited) @executable_path/Frameworks @loader_path/Frameworks";
				PRODUCT_BUNDLE_IDENTIFIER = PN.KVStoreTests;
				PRODUCT_NAME = "$(TARGET_NAME)";
				SWIFT_VERSION = 3.0;
			};
			name = Release;
		};
/* End XCBuildConfiguration section */

/* Begin XCConfigurationList section */
		211666C11E4AE0AF00C9355E /* Build configuration list for PBXProject "KVStore" */ = {
			isa = XCConfigurationList;
			buildConfigurations = (
				211666D91E4AE0AF00C9355E /* Debug */,
				211666DA1E4AE0AF00C9355E /* Release */,
			);
			defaultConfigurationIsVisible = 0;
			defaultConfigurationName = Release;
		};
		211666DB1E4AE0AF00C9355E /* Build configuration list for PBXNativeTarget "KVStore" */ = {
			isa = XCConfigurationList;
			buildConfigurations = (
				211666DC1E4AE0AF00C9355E /* Debug */,
				211666DD1E4AE0AF00C9355E /* Release */,
			);
			defaultConfigurationIsVisible = 0;
			defaultConfigurationName = Release;
		};
		211666DE1E4AE0AF00C9355E /* Build configuration list for PBXNativeTarget "KVStoreTests" */ = {
			isa = XCConfigurationList;
			buildConfigurations = (
				211666DF1E4AE0AF00C9355E /* Debug */,
				211666E01E4AE0AF00C9355E /* Release */,
			);
			defaultConfigurationIsVisible = 0;
			defaultConfigurationName = Release;
		};
/* End XCConfigurationList section */
	};
	rootObject = 211666BE1E4AE0AF00C9355E /* Project object */;
}
